{
  "schema_version": 2,
  "requirements_file": "ritebook.toml",
  "state": "partial",
  "skills": [
    {
      "requirement": "ondrej-winter-ritebook-shelf/agnostic-software-development/using-agnostic-software-development-skills",
      "index_name": "ondrej-winter-ritebook-shelf",
      "skill_name": "using-agnostic-software-development-skills",
      "target": ".agents/skills/using-agnostic-software-development-skills",
      "target_id": "sha256:09e2d4df8f56ba64bab3f7efc5c3021efa03633006d40aa4475b4b669b7fb775",
      "source": "git@github.com:ondrej-winter/ritebook-shelf.git",
      "source_type": "git_url",
      "source_revision": "f4ebb5e311dbb91a8f647330cb0b42b41d3f0fa8",
      "index_digest": "sha256:3df1a2a8c020df9e0e3d2b3097ca8502ae74ab436997fca8054b3519386422d8",
      "index_schema_version": 1,
      "skill_path": "skills/agnostic-software-development/using-agnostic-software-development-skills",
      "skill_file": "skills/agnostic-software-development/using-agnostic-software-development-skills/SKILL.md",
      "installed_tree_digest": "sha256:bde009d1c7059a17560f66956f9baf90afa688c6d8ccdc8bd88c85ecd2c5e077",
      "desired": true,
      "status": "materialized",
      "target_ref": "agents"
    },
    {
      "requirement": "ondrej-winter-ritebook-shelf/agnostic-software-development/performance-optimization",
      "index_name": "ondrej-winter-ritebook-shelf",
      "skill_name": "performance-optimization",
      "target": ".agents/skills/performance-optimization",
      "target_id": "sha256:0bc97653df02738f760d0f492e7f0f35c9c6702f80bd2d47bc67d68435bd6ac6",
      "source": "git@github.com:ondrej-winter/ritebook-shelf.git",
      "source_type": "git_url",
      "source_revision": "f4ebb5e311dbb91a8f647330cb0b42b41d3f0fa8",
      "index_digest": "sha256:3df1a2a8c020df9e0e3d2b3097ca8502ae74ab436997fca8054b3519386422d8",
      "index_schema_version": 1,
      "skill_path": "skills/agnostic-software-development/performance-optimization",
      "skill_file": "skills/agnostic-software-development/performance-optimization/SKILL.md",
      "installed_tree_digest": "sha256:ca5aeb58b9d50e9f1bac671e53f70b9b643abfba9fdc3d3efbc80a2ed618bf25",
      "desired": true,
      "status": "materialized",
      "target_ref": "agents"
    },
    {
      "requirement": "ondrej-winter-ritebook-shelf/agnostic-software-development/ci-cd-and-automation",
      "index_name": "ondrej-winter-ritebook-shelf",
      "skill_name": "ci-cd-and-automation",
      "target": ".agents/skills/ci-cd-and-automation",
      "target_id": "sha256:1eb799b8ca61f47c91bf051f2025539871bd661b70e35811ba4cef26160bdaff",
      "source": "git@github.com:ondrej-winter/ritebook-shelf.git",
      "source_type": "git_url",
      "source_revision": "f4ebb5e311dbb91a8f647330cb0b42b41d3f0fa8",
      "index_digest": "sha256:3df1a2a8c020df9e0e3d2b3097ca8502ae74ab436997fca8054b3519386422d8",
      "index_schema_version": 1,
      "skill_path": "skills/agnostic-software-development/ci-cd-and-automation",
      "skill_file": "skills/agnostic-software-development/ci-cd-and-automation/SKILL.md",
      "installed_tree_digest": "sha256:106f942eacae5a717a3291d135c44f26a2d4d866e915ea60dd07db21eac6cf2e",
      "desired": true,
      "status": "materialized",
      "target_ref": "agents"
    },
    {
      "requirement": "ondrej-winter-ritebook-shelf/agnostic-software-development/documentation-and-adrs",
      "index_name": "ondrej-winter-ritebook-shelf",
      "skill_name": "documentation-and-adrs",
      "target": ".agents/skills/documentation-and-adrs",
      "target_id": "sha256:222ace2cb28d376eeefc0bab55b2448c3a36990580a1de4ae9483d07560f4e4d",
      "source": "git@github.com:ondrej-winter/ritebook-shelf.git",
      "source_type": "git_url",
      "source_revision": "f4ebb5e311dbb91a8f647330cb0b42b41d3f0fa8",
      "index_digest": "sha256:3df1a2a8c020df9e0e3d2b3097ca8502ae74ab436997fca8054b3519386422d8",
      "index_schema_version": 1,
      "skill_path": "skills/agnostic-software-development/documentation-and-adrs",
      "skill_file": "skills/agnostic-software-development/documentation-and-adrs/SKILL.md",
      "installed_tree_digest": "sha256:e8e4986d3f4d69130d008d5b3c53a31e250e67e20d62c03a92c5d4125bc95da9",
      "desired": true,
      "status": "materialized",
      "target_ref": "agents"
    },
    {
      "requirement": "ondrej-winter-ritebook-shelf/agnostic-software-development/code-review-and-quality",
      "index_name": "ondrej-winter-ritebook-shelf",
      "skill_name": "code-review-and-quality",
      "target": ".agents/skills/code-review-and-quality",
      "target_id": "sha256:2b57071ca571fc488c3f9c5260805b6755a2836b0001d35decb2f7b4cc7e26a8",
      "source": "git@github.com:ondrej-winter/ritebook-shelf.git",
      "source_type": "git_url",
      "source_revision": "f4ebb5e311dbb91a8f647330cb0b42b41d3f0fa8",
      "index_digest": "sha256:3df1a2a8c020df9e0e3d2b3097ca8502ae74ab436997fca8054b3519386422d8",
      "index_schema_version": 1,
      "skill_path": "skills/agnostic-software-development/code-review-and-quality",
      "skill_file": "skills/agnostic-software-development/code-review-and-quality/SKILL.md",
      "installed_tree_digest": "sha256:9ee24ebc162324f8410ae68e1e45e30cbb5b797bbd68beb991fc8e4f35e0048a",
      "desired": true,
      "status": "materialized",
      "target_ref": "agents"
    },
    {
      "requirement": "ondrej-winter-ritebook-shelf/agnostic-software-development/author-agent-skill",
      "index_name": "ondrej-winter-ritebook-shelf",
      "skill_name": "author-agent-skill",
      "target": ".agents/skills/author-agent-skill",
      "target_id": "sha256:2c1e12eb86af88f587446a84c683364af47c2e8165ecb60efd918f63f7f2973c",
      "source": "git@github.com:ondrej-winter/ritebook-shelf.git",
      "source_type": "git_url",
      "source_revision": "f4ebb5e311dbb91a8f647330cb0b42b41d3f0fa8",
      "index_digest": "sha256:3df1a2a8c020df9e0e3d2b3097ca8502ae74ab436997fca8054b3519386422d8",
      "index_schema_version": 1,
      "skill_path": "skills/agnostic-software-development/author-agent-skill",
      "skill_file": "skills/agnostic-software-development/author-agent-skill/SKILL.md",
      "installed_tree_digest": "sha256:00ec09e74fb8c5f1706d563b54139540299a9d41809a0cbfbb703b39ae609047",
      "desired": true,
      "status": "materialized",
      "target_ref": "agents"
    },
    {
      "requirement": "ondrej-winter-ritebook-shelf/agnostic-software-development/spec-driven-development",
      "index_name": "ondrej-winter-ritebook-shelf",
      "skill_name": "spec-driven-development",
      "target": ".agents/skills/spec-driven-development",
      "target_id": "sha256:4240d6a5b1b0d7a8597aae089e04268deedbfc3a32455f7c207e791a8925ceb9",
      "source": "git@github.com:ondrej-winter/ritebook-shelf.git",
      "source_type": "git_url",
      "source_revision": "f4ebb5e311dbb91a8f647330cb0b42b41d3f0fa8",
      "index_digest": "sha256:3df1a2a8c020df9e0e3d2b3097ca8502ae74ab436997fca8054b3519386422d8",
      "index_schema_version": 1,
      "skill_path": "skills/agnostic-software-development/spec-driven-development",
      "skill_file": "skills/agnostic-software-development/spec-driven-development/SKILL.md",
      "installed_tree_digest": "sha256:6903b4b4b6c3b833b70c172b6630e5443740a189d95c19237b81e8088eb78b9e",
      "desired": true,
      "status": "materialized",
      "target_ref": "agents"
    },
    {
      "requirement": "ondrej-winter-ritebook-shelf/agnostic-software-development/run-local-quality-gate",
      "index_name": "ondrej-winter-ritebook-shelf",
      "skill_name": "run-local-quality-gate",
      "target": ".agents/skills/run-local-quality-gate",
      "target_id": "sha256:4548ec6c822ea039b2d6491fc3906f6a0513ef01fb5bdf6e9a1840bcf6f03a29",
      "source": "git@github.com:ondrej-winter/ritebook-shelf.git",
      "source_type": "git_url",
      "source_revision": "f4ebb5e311dbb91a8f647330cb0b42b41d3f0fa8",
      "index_digest": "sha256:3df1a2a8c020df9e0e3d2b3097ca8502ae74ab436997fca8054b3519386422d8",
      "index_schema_version": 1,
      "skill_path": "skills/agnostic-software-development/run-local-quality-gate",
      "skill_file": "skills/agnostic-software-development/run-local-quality-gate/SKILL.md",
      "installed_tree_digest": "sha256:441d865870286b27809e6ee0e69aa2304f0ed233e380a79b5a09a5caa3763f24",
      "desired": true,
      "status": "materialized",
      "target_ref": "agents"
    },
    {
      "requirement": "ondrej-winter-ritebook-shelf/agnostic-software-development/hexagonal-vertical-slices",
      "index_name": "ondrej-winter-ritebook-shelf",
      "skill_name": "hexagonal-vertical-slices",
      "target": ".agents/skills/hexagonal-vertical-slices",
      "target_id": "sha256:46023abb9ecd1c698e87ac330e9ee986d8d22033f0d3cc7be804a90025bfd86b",
      "source": "git@github.com:ondrej-winter/ritebook-shelf.git",
      "source_type": "git_url",
      "source_revision": "f4ebb5e311dbb91a8f647330cb0b42b41d3f0fa8",
      "index_digest": "sha256:3df1a2a8c020df9e0e3d2b3097ca8502ae74ab436997fca8054b3519386422d8",
      "index_schema_version": 1,
      "skill_path": "skills/agnostic-software-development/hexagonal-vertical-slices",
      "skill_file": "skills/agnostic-software-development/hexagonal-vertical-slices/SKILL.md",
      "installed_tree_digest": "sha256:ca1d126b288fc3f6689d76b96849ab030eb2025d84ffb4e8d56f7acf67da3f03",
      "desired": true,
      "status": "materialized",
      "target_ref": "agents"
    },
    {
      "requirement": "ondrej-winter-ritebook-shelf/agnostic-software-development/deprecation-and-migration",
      "index_name": "ondrej-winter-ritebook-shelf",
      "skill_name": "deprecation-and-migration",
      "target": ".agents/skills/deprecation-and-migration",
      "target_id": "sha256:472053b675b5727ec74d66ee32ff2e568fc58cbb766fc83f34a4c6d3ef33740b",
      "source": "git@github.com:ondrej-winter/ritebook-shelf.git",
      "source_type": "git_url",
      "source_revision": "f4ebb5e311dbb91a8f647330cb0b42b41d3f0fa8",
      "index_digest": "sha256:3df1a2a8c020df9e0e3d2b3097ca8502ae74ab436997fca8054b3519386422d8",
      "index_schema_version": 1,
      "skill_path": "skills/agnostic-software-development/deprecation-and-migration",
      "skill_file": "skills/agnostic-software-development/deprecation-and-migration/SKILL.md",
      "installed_tree_digest": "sha256:5072f346941e12336abc1b8ef8836e7e241e4028eb5b3d8f48dde045b68ac6f6",
      "desired": true,
      "status": "materialized",
      "target_ref": "agents"
    },
    {
      "requirement": "ondrej-winter-ritebook-shelf/agnostic-software-development/incremental-implementation",
      "index_name": "ondrej-winter-ritebook-shelf",
      "skill_name": "incremental-implementation",
      "target": ".agents/skills/incremental-implementation",
      "target_id": "sha256:5140c130a11a2c8228104e337fc78a69bbac433e2a5281bcd68bccb820918a75",
      "source": "git@github.com:ondrej-winter/ritebook-shelf.git",
      "source_type": "git_url",
      "source_revision": "f4ebb5e311dbb91a8f647330cb0b42b41d3f0fa8",
      "index_digest": "sha256:3df1a2a8c020df9e0e3d2b3097ca8502ae74ab436997fca8054b3519386422d8",
      "index_schema_version": 1,
      "skill_path": "skills/agnostic-software-development/incremental-implementation",
      "skill_file": "skills/agnostic-software-development/incremental-implementation/SKILL.md",
      "installed_tree_digest": "sha256:86bfa2bf4d345986cf5385a744543d030916ca0b2ec3b273f35cd498783e1a0d",
      "desired": true,
      "status": "materialized",
      "target_ref": "agents"
    },
    {
      "requirement": "ondrej-winter-ritebook-shelf/agnostic-software-development/planning-and-task-breakdown",
      "index_name": "ondrej-winter-ritebook-shelf",
      "skill_name": "planning-and-task-breakdown",
      "target": ".agents/skills/planning-and-task-breakdown",
      "target_id": "sha256:591bed19b0608a07befe40e9e02aa2b09c3b9deebc0f61bd99239105578405f4",
      "source": "git@github.com:ondrej-winter/ritebook-shelf.git",
      "source_type": "git_url",
      "source_revision": "f4ebb5e311dbb91a8f647330cb0b42b41d3f0fa8",
      "index_digest": "sha256:3df1a2a8c020df9e0e3d2b3097ca8502ae74ab436997fca8054b3519386422d8",
      "index_schema_version": 1,
      "skill_path": "skills/agnostic-software-development/planning-and-task-breakdown",
      "skill_file": "skills/agnostic-software-development/planning-and-task-breakdown/SKILL.md",
      "installed_tree_digest": "sha256:09595f903759b545ce443161573ed4499474b1d186819fbf214fc5be62b46f01",
      "desired": true,
      "status": "materialized",
      "target_ref": "agents"
    },
    {
      "requirement": "ondrej-winter-ritebook-shelf/agnostic-software-development/shipping-and-launch",
      "index_name": "ondrej-winter-ritebook-shelf",
      "skill_name": "shipping-and-launch",
      "target": ".agents/skills/shipping-and-launch",
      "target_id": "sha256:6a9d0fc4d232af505b52b03d3c939817b393abedce6a5d533b28036c17bf45b2",
      "source": "git@github.com:ondrej-winter/ritebook-shelf.git",
      "source_type": "git_url",
      "source_revision": "f4ebb5e311dbb91a8f647330cb0b42b41d3f0fa8",
      "index_digest": "sha256:3df1a2a8c020df9e0e3d2b3097ca8502ae74ab436997fca8054b3519386422d8",
      "index_schema_version": 1,
      "skill_path": "skills/agnostic-software-development/shipping-and-launch",
      "skill_file": "skills/agnostic-software-development/shipping-and-launch/SKILL.md",
      "installed_tree_digest": "sha256:cf101f6fe065a162dec5d4cfa2cda320d9f09d4a8e90f53611c8a28491503735",
      "desired": true,
      "status": "materialized",
      "target_ref": "agents"
    },
    {
      "requirement": "ondrej-winter-ritebook-shelf/agnostic-software-development/doubt-driven-development",
      "index_name": "ondrej-winter-ritebook-shelf",
      "skill_name": "doubt-driven-development",
      "target": ".agents/skills/doubt-driven-development",
      "target_id": "sha256:6dd6b6d520f5be4598dbe65d587af07a5ae5e3dfd6380fd8ead6c3e592822623",
      "source": "git@github.com:ondrej-winter/ritebook-shelf.git",
      "source_type": "git_url",
      "source_revision": "f4ebb5e311dbb91a8f647330cb0b42b41d3f0fa8",
      "index_digest": "sha256:3df1a2a8c020df9e0e3d2b3097ca8502ae74ab436997fca8054b3519386422d8",
      "index_schema_version": 1,
      "skill_path": "skills/agnostic-software-development/doubt-driven-development",
      "skill_file": "skills/agnostic-software-development/doubt-driven-development/SKILL.md",
      "installed_tree_digest": "sha256:c34e83f9610ae494623a74ec8082d2ced429b3019cb850030f9ae6a15711c9c1",
      "desired": true,
      "status": "materialized",
      "target_ref": "agents"
    },
    {
      "requirement": "ondrej-winter-ritebook-shelf/agnostic-software-development/author-agents-config",
      "index_name": "ondrej-winter-ritebook-shelf",
      "skill_name": "author-agents-config",
      "target": ".agents/skills/author-agents-config",
      "target_id": "sha256:753b2d155c6b39fa3d7afd3baf0be1e57509d906bb475293774e9d2a64d4d220",
      "source": "git@github.com:ondrej-winter/ritebook-shelf.git",
      "source_type": "git_url",
      "source_revision": "f4ebb5e311dbb91a8f647330cb0b42b41d3f0fa8",
      "index_digest": "sha256:3df1a2a8c020df9e0e3d2b3097ca8502ae74ab436997fca8054b3519386422d8",
      "index_schema_version": 1,
      "skill_path": "skills/agnostic-software-development/author-agents-config",
      "skill_file": "skills/agnostic-software-development/author-agents-config/SKILL.md",
      "installed_tree_digest": "sha256:12d5b46ec0f363ecdd6657c96904133969b0bbdb2c773b260000fcc6e67e89d0",
      "desired": true,
      "status": "materialized",
      "target_ref": "agents"
    },
    {
      "requirement": "ondrej-winter-ritebook-shelf/agnostic-software-development/test-driven-development",
      "index_name": "ondrej-winter-ritebook-shelf",
      "skill_name": "test-driven-development",
      "target": ".agents/skills/test-driven-development",
      "target_id": "sha256:7975358d955ebd9b1ad17aa514aeda2d214f974516fb25154c3b6ca08d539744",
      "source": "git@github.com:ondrej-winter/ritebook-shelf.git",
      "source_type": "git_url",
      "source_revision": "f4ebb5e311dbb91a8f647330cb0b42b41d3f0fa8",
      "index_digest": "sha256:3df1a2a8c020df9e0e3d2b3097ca8502ae74ab436997fca8054b3519386422d8",
      "index_schema_version": 1,
      "skill_path": "skills/agnostic-software-development/test-driven-development",
      "skill_file": "skills/agnostic-software-development/test-driven-development/SKILL.md",
      "installed_tree_digest": "sha256:2d3ae47f00272f1fe5cb8cfe14df9d9ebe7eab6e1c57a6f99779fedfe9fda54c",
      "desired": true,
      "status": "materialized",
      "target_ref": "agents"
    },
    {
      "requirement": "ondrej-winter-ritebook-shelf/agnostic-software-development/debugging-and-error-recovery",
      "index_name": "ondrej-winter-ritebook-shelf",
      "skill_name": "debugging-and-error-recovery",
      "target": ".agents/skills/debugging-and-error-recovery",
      "target_id": "sha256:813fda3f944b5bc85a522e53aec05ddc6f08e185db137949b8c0268909a64e77",
      "source": "git@github.com:ondrej-winter/ritebook-shelf.git",
      "source_type": "git_url",
      "source_revision": "f4ebb5e311dbb91a8f647330cb0b42b41d3f0fa8",
      "index_digest": "sha256:3df1a2a8c020df9e0e3d2b3097ca8502ae74ab436997fca8054b3519386422d8",
      "index_schema_version": 1,
      "skill_path": "skills/agnostic-software-development/debugging-and-error-recovery",
      "skill_file": "skills/agnostic-software-development/debugging-and-error-recovery/SKILL.md",
      "installed_tree_digest": "sha256:a06370f519e3f49ea5526d5cbb9e36c060cdcd781a745dceaa0bfaa78cd3febe",
      "desired": true,
      "status": "materialized",
      "target_ref": "agents"
    },
    {
      "requirement": "ondrej-winter-ritebook-shelf/agnostic-software-development/frontend-ui-engineering",
      "index_name": "ondrej-winter-ritebook-shelf",
      "skill_name": "frontend-ui-engineering",
      "target": ".agents/skills/frontend-ui-engineering",
      "target_id": "sha256:844b0ee7df5dd9a89f0313fb80c30e03c399a1184e421fb32d1a9c73a15d3597",
      "source": "git@github.com:ondrej-winter/ritebook-shelf.git",
      "source_type": "git_url",
      "source_revision": "f4ebb5e311dbb91a8f647330cb0b42b41d3f0fa8",
      "index_digest": "sha256:3df1a2a8c020df9e0e3d2b3097ca8502ae74ab436997fca8054b3519386422d8",
      "index_schema_version": 1,
      "skill_path": "skills/agnostic-software-development/frontend-ui-engineering",
      "skill_file": "skills/agnostic-software-development/frontend-ui-engineering/SKILL.md",
      "installed_tree_digest": "sha256:875e62ad79cf8be97af416f5038bec7005ce1cbe7030215ab90293b25481f9e8",
      "desired": true,
      "status": "materialized",
      "target_ref": "agents"
    },
    {
      "requirement": "ondrej-winter-ritebook-shelf/agnostic-software-development/git-workflow-and-versioning",
      "index_name": "ondrej-winter-ritebook-shelf",
      "skill_name": "git-workflow-and-versioning",
      "target": ".agents/skills/git-workflow-and-versioning",
      "target_id": "sha256:8afafe92ffbb6a5d21557891b9b86426ad5a6c6c1a6d3c099704176a8f027249",
      "source": "git@github.com:ondrej-winter/ritebook-shelf.git",
      "source_type": "git_url",
      "source_revision": "f4ebb5e311dbb91a8f647330cb0b42b41d3f0fa8",
      "index_digest": "sha256:3df1a2a8c020df9e0e3d2b3097ca8502ae74ab436997fca8054b3519386422d8",
      "index_schema_version": 1,
      "skill_path": "skills/agnostic-software-development/git-workflow-and-versioning",
      "skill_file": "skills/agnostic-software-development/git-workflow-and-versioning/SKILL.md",
      "installed_tree_digest": "sha256:553ed26c5d8f0171ca2c98a77594451cd4b44da15e06f1c140f7b31bf2273828",
      "desired": true,
      "status": "materialized",
      "target_ref": "agents"
    },
    {
      "requirement": "ondrej-winter-ritebook-shelf/writing-and-editing/condensed-prose-refactor",
      "index_name": "ondrej-winter-ritebook-shelf",
      "skill_name": "condensed-prose-refactor",
      "target": ".agents/skills/condensed-prose-refactor",
      "target_id": "sha256:a19b2dc5cc0c43f49fc4c4cc40e231621ee06aca95b4e95ee65dc572a2c97b5e",
      "source": "git@github.com:ondrej-winter/ritebook-shelf.git",
      "source_type": "git_url",
      "source_revision": "f4ebb5e311dbb91a8f647330cb0b42b41d3f0fa8",
      "index_digest": "sha256:3df1a2a8c020df9e0e3d2b3097ca8502ae74ab436997fca8054b3519386422d8",
      "index_schema_version": 1,
      "skill_path": "skills/writing-and-editing/condensed-prose-refactor",
      "skill_file": "skills/writing-and-editing/condensed-prose-refactor/SKILL.md",
      "installed_tree_digest": "sha256:2eea6eb2a68b385a466889e5f670e05310b1a43de581a83f2d7086a4b1fd48a9",
      "desired": true,
      "status": "materialized",
      "target_ref": "agents"
    },
    {
      "requirement": "ondrej-winter-ritebook-shelf/agnostic-software-development/review-implementation-plan",
      "index_name": "ondrej-winter-ritebook-shelf",
      "skill_name": "review-implementation-plan",
      "target": ".agents/skills/review-implementation-plan",
      "target_id": "sha256:b1970c36f48e32d73cc99e9298c5e5545d7c9e61df930feffc98d4d80ccf832f",
      "source": "git@github.com:ondrej-winter/ritebook-shelf.git",
      "source_type": "git_url",
      "source_revision": "f4ebb5e311dbb91a8f647330cb0b42b41d3f0fa8",
      "index_digest": "sha256:3df1a2a8c020df9e0e3d2b3097ca8502ae74ab436997fca8054b3519386422d8",
      "index_schema_version": 1,
      "skill_path": "skills/agnostic-software-development/review-implementation-plan",
      "skill_file": "skills/agnostic-software-development/review-implementation-plan/SKILL.md",
      "installed_tree_digest": "sha256:3ae736fb115c7ea529e9920fc229be1525a16e6b1461eb03663d91516b0ad0bc",
      "desired": true,
      "status": "materialized",
      "target_ref": "agents"
    },
    {
      "requirement": "ondrej-winter-ritebook-shelf/agnostic-software-development/interview-me",
      "index_name": "ondrej-winter-ritebook-shelf",
      "skill_name": "interview-me",
      "target": ".agents/skills/interview-me",
      "target_id": "sha256:b330512c7ab7f1669fec2516b9b408d80fac2ff1be377b69bc3b45c3c30e5196",
      "source": "git@github.com:ondrej-winter/ritebook-shelf.git",
      "source_type": "git_url",
      "source_revision": "f4ebb5e311dbb91a8f647330cb0b42b41d3f0fa8",
      "index_digest": "sha256:3df1a2a8c020df9e0e3d2b3097ca8502ae74ab436997fca8054b3519386422d8",
      "index_schema_version": 1,
      "skill_path": "skills/agnostic-software-development/interview-me",
      "skill_file": "skills/agnostic-software-development/interview-me/SKILL.md",
      "installed_tree_digest": "sha256:407c7b03c4ea625c3b4f63968fadcdb0042baa080024a1f8d0b3b79d046d8e94",
      "desired": true,
      "status": "materialized",
      "target_ref": "agents"
    },
    {
      "requirement": "ondrej-winter-ritebook-shelf/agnostic-software-development/conventional-commits",
      "index_name": "ondrej-winter-ritebook-shelf",
      "skill_name": "conventional-commits",
      "target": ".agents/skills/conventional-commits",
      "target_id": "sha256:c014c523ad9858b948d4c6ad3c7f261ee2ef863323aea49f9df045e16c8159e9",
      "source": "git@github.com:ondrej-winter/ritebook-shelf.git",
      "source_type": "git_url",
      "source_revision": "f4ebb5e311dbb91a8f647330cb0b42b41d3f0fa8",
      "index_digest": "sha256:3df1a2a8c020df9e0e3d2b3097ca8502ae74ab436997fca8054b3519386422d8",
      "index_schema_version": 1,
      "skill_path": "skills/agnostic-software-development/conventional-commits",
      "skill_file": "skills/agnostic-software-development/conventional-commits/SKILL.md",
      "installed_tree_digest": "sha256:75d72c40f50432d578cce13386ce32737eafe287d7303788312bd9d0f594d792",
      "desired": true,
      "status": "materialized",
      "target_ref": "agents"
    },
    {
      "requirement": "ondrej-winter-ritebook-shelf/agnostic-software-development/security-and-hardening",
      "index_name": "ondrej-winter-ritebook-shelf",
      "skill_name": "security-and-hardening",
      "target": ".agents/skills/security-and-hardening",
      "target_id": "sha256:c20c8e580567ae468d6f67e1a001d3bd29f52370814ff41c5f5b6c019d9cea19",
      "source": "git@github.com:ondrej-winter/ritebook-shelf.git",
      "source_type": "git_url",
      "source_revision": "f4ebb5e311dbb91a8f647330cb0b42b41d3f0fa8",
      "index_digest": "sha256:3df1a2a8c020df9e0e3d2b3097ca8502ae74ab436997fca8054b3519386422d8",
      "index_schema_version": 1,
      "skill_path": "skills/agnostic-software-development/security-and-hardening",
      "skill_file": "skills/agnostic-software-development/security-and-hardening/SKILL.md",
      "installed_tree_digest": "sha256:b786072d3760673bfb41b718bba539f57cbade11a0c3b9da57c76a444912451e",
      "desired": true,
      "status": "materialized",
      "target_ref": "agents"
    },
    {
      "requirement": "ondrej-winter-ritebook-shelf/agnostic-software-development/update-project-docs",
      "index_name": "ondrej-winter-ritebook-shelf",
      "skill_name": "update-project-docs",
      "target": ".agents/skills/update-project-docs",
      "target_id": "sha256:c652cfe0bf1690bb442e9ac54c1e95b625a5b7d8fe86046cdc7c085c3fa0f0fd",
      "source": "git@github.com:ondrej-winter/ritebook-shelf.git",
      "source_type": "git_url",
      "source_revision": "f4ebb5e311dbb91a8f647330cb0b42b41d3f0fa8",
      "index_digest": "sha256:3df1a2a8c020df9e0e3d2b3097ca8502ae74ab436997fca8054b3519386422d8",
      "index_schema_version": 1,
      "skill_path": "skills/agnostic-software-development/update-project-docs",
      "skill_file": "skills/agnostic-software-development/update-project-docs/SKILL.md",
      "installed_tree_digest": "sha256:225ec6232ca81c55e0eb4a21f7154bac81c99544b9a789440740c52474baf0fe",
      "desired": true,
      "status": "materialized",
      "target_ref": "agents"
    },
    {
      "requirement": "ondrej-winter-ritebook-shelf/agnostic-software-development/source-driven-development",
      "index_name": "ondrej-winter-ritebook-shelf",
      "skill_name": "source-driven-development",
      "target": ".agents/skills/source-driven-development",
      "target_id": "sha256:d31736ce78fe5e88f6d7890246908f88956a142465e3db70304697545c8263e0",
      "source": "git@github.com:ondrej-winter/ritebook-shelf.git",
      "source_type": "git_url",
      "source_revision": "f4ebb5e311dbb91a8f647330cb0b42b41d3f0fa8",
      "index_digest": "sha256:3df1a2a8c020df9e0e3d2b3097ca8502ae74ab436997fca8054b3519386422d8",
      "index_schema_version": 1,
      "skill_path": "skills/agnostic-software-development/source-driven-development",
      "skill_file": "skills/agnostic-software-development/source-driven-development/SKILL.md",
      "installed_tree_digest": "sha256:76cb88093a12aeb93b9ac14bc75bd49bbdf73162113e22ab57f7eba2d7f2750b",
      "desired": true,
      "status": "materialized",
      "target_ref": "agents"
    },
    {
      "requirement": "ondrej-winter-ritebook-shelf/agnostic-software-development/context-engineering",
      "index_name": "ondrej-winter-ritebook-shelf",
      "skill_name": "context-engineering",
      "target": ".agents/skills/context-engineering",
      "target_id": "sha256:d7d3c7b28fe4a37533fdeeb5528500aa5ae8a9d155e8328553d4d8954c183a8c",
      "source": "git@github.com:ondrej-winter/ritebook-shelf.git",
      "source_type": "git_url",
      "source_revision": "f4ebb5e311dbb91a8f647330cb0b42b41d3f0fa8",
      "index_digest": "sha256:3df1a2a8c020df9e0e3d2b3097ca8502ae74ab436997fca8054b3519386422d8",
      "index_schema_version": 1,
      "skill_path": "skills/agnostic-software-development/context-engineering",
      "skill_file": "skills/agnostic-software-development/context-engineering/SKILL.md",
      "installed_tree_digest": "sha256:4e877b5b872717cbc2aaf8dc60a6458e503a1c19a2b13e2ca32ddd2cc3fe8ab2",
      "desired": true,
      "status": "materialized",
      "target_ref": "agents"
    },
    {
      "requirement": "ondrej-winter-ritebook-shelf/agnostic-software-development/code-simplification",
      "index_name": "ondrej-winter-ritebook-shelf",
      "skill_name": "code-simplification",
      "target": ".agents/skills/code-simplification",
      "target_id": "sha256:d94d13a5b02c8ec6926443b762014b79a395ace3da282e33d52c98ccd78ff825",
      "source": "git@github.com:ondrej-winter/ritebook-shelf.git",
      "source_type": "git_url",
      "source_revision": "f4ebb5e311dbb91a8f647330cb0b42b41d3f0fa8",
      "index_digest": "sha256:3df1a2a8c020df9e0e3d2b3097ca8502ae74ab436997fca8054b3519386422d8",
      "index_schema_version": 1,
      "skill_path": "skills/agnostic-software-development/code-simplification",
      "skill_file": "skills/agnostic-software-development/code-simplification/SKILL.md",
      "installed_tree_digest": "sha256:fd46d80bf1cce91da068bbf17631277065e46295b7003d52cfd775d623b0c099",
      "desired": true,
      "status": "materialized",
      "target_ref": "agents"
    },
    {
      "requirement": "ondrej-winter-ritebook-shelf/agnostic-software-development/browser-runtime-verification",
      "index_name": "ondrej-winter-ritebook-shelf",
      "skill_name": "browser-runtime-verification",
      "target": ".agents/skills/browser-runtime-verification",
      "target_id": "sha256:edc1b414855df91a4a4f531b20e882ac2f8bb7ad5bb0acffbcc78689f947221b",
      "source": "git@github.com:ondrej-winter/ritebook-shelf.git",
      "source_type": "git_url",
      "source_revision": "f4ebb5e311dbb91a8f647330cb0b42b41d3f0fa8",
      "index_digest": "sha256:3df1a2a8c020df9e0e3d2b3097ca8502ae74ab436997fca8054b3519386422d8",
      "index_schema_version": 1,
      "skill_path": "skills/agnostic-software-development/browser-runtime-verification",
      "skill_file": "skills/agnostic-software-development/browser-runtime-verification/SKILL.md",
      "installed_tree_digest": "sha256:8df882b4849fda7c9f36b0a78cd3d568c3ed7f7778ddfc9ba35b5fdc3dd07a03",
      "desired": true,
      "status": "materialized",
      "target_ref": "agents"
    },
    {
      "requirement": "ondrej-winter-ritebook-shelf/agnostic-software-development/write-adr",
      "index_name": "ondrej-winter-ritebook-shelf",
      "skill_name": "write-adr",
      "target": ".agents/skills/write-adr",
      "target_id": "sha256:ee4e227b2552bb2dfd0ea445457fd0dbb35f5f77e8ee53db753925c639688cce",
      "source": "git@github.com:ondrej-winter/ritebook-shelf.git",
      "source_type": "git_url",
      "source_revision": "f4ebb5e311dbb91a8f647330cb0b42b41d3f0fa8",
      "index_digest": "sha256:3df1a2a8c020df9e0e3d2b3097ca8502ae74ab436997fca8054b3519386422d8",
      "index_schema_version": 1,
      "skill_path": "skills/agnostic-software-development/write-adr",
      "skill_file": "skills/agnostic-software-development/write-adr/SKILL.md",
      "installed_tree_digest": "sha256:578bc6934e7d20f85838b30154c376eb5ff499ca4f27770dc66f419d2d0d3671",
      "desired": true,
      "status": "materialized",
      "target_ref": "agents"
    },
    {
      "requirement": "ondrej-winter-ritebook-shelf/agnostic-software-development/idea-refine",
      "index_name": "ondrej-winter-ritebook-shelf",
      "skill_name": "idea-refine",
      "target": ".agents/skills/idea-refine",
      "target_id": "sha256:ef25c6efbc01ea16ada614963922369573721f6d9769f89956eff47767f1ccf5",
      "source": "git@github.com:ondrej-winter/ritebook-shelf.git",
      "source_type": "git_url",
      "source_revision": "f4ebb5e311dbb91a8f647330cb0b42b41d3f0fa8",
      "index_digest": "sha256:3df1a2a8c020df9e0e3d2b3097ca8502ae74ab436997fca8054b3519386422d8",
      "index_schema_version": 1,
      "skill_path": "skills/agnostic-software-development/idea-refine",
      "skill_file": "skills/agnostic-software-development/idea-refine/SKILL.md",
      "installed_tree_digest": "sha256:cd3f96c1c59198d6eebf289f9e8ee85ed1a50f4458e2a503f5f026336fa7bfcc",
      "desired": true,
      "status": "materialized",
      "target_ref": "agents"
    },
    {
      "requirement": "ondrej-winter-ritebook-shelf/agnostic-software-development/add-observability",
      "index_name": "ondrej-winter-ritebook-shelf",
      "skill_name": "add-observability",
      "target": ".agents/skills/add-observability",
      "target_id": "sha256:f8a1d964fd895e63089c14b69af554f4f4a9b05c7c606f48bb78dee66678875b",
      "source": "git@github.com:ondrej-winter/ritebook-shelf.git",
      "source_type": "git_url",
      "source_revision": "f4ebb5e311dbb91a8f647330cb0b42b41d3f0fa8",
      "index_digest": "sha256:3df1a2a8c020df9e0e3d2b3097ca8502ae74ab436997fca8054b3519386422d8",
      "index_schema_version": 1,
      "skill_path": "skills/agnostic-software-development/add-observability",
      "skill_file": "skills/agnostic-software-development/add-observability/SKILL.md",
      "installed_tree_digest": "sha256:2a2a954d93dab2a8acbe2c7fba98b23e716b679f1bdff1b242057e889fc09703",
      "desired": true,
      "status": "materialized",
      "target_ref": "agents"
    }
  ],
  "issues": [
    {
      "code": "unmanaged-target",
      "target": ".agents/skills/api-and-interface-design",
      "detail": "target exists but is not owned by Ritebook",
      "requirement": "ondrej-winter-ritebook-shelf/agnostic-software-development/api-and-interface-design"
    }
  ]
}
